<?xml version="1.0" encoding="utf-8"?>
<Project ToolsVersion="4.0" xmlns="http://schemas.microsoft.com/developer/msbuild/2003">
  <ItemGroup>
    <Filter Include="Source Files">
      <UniqueIdentifier>{4FC737F1-C7A5-4376-A066-2A32D752A2FF}</UniqueIdentifier>
      <Extensions>cpp;c;cc;cxx;c++;def;odl;idl;hpj;bat;asm;asmx</Extensions>
    </Filter>
    <Filter Include="Header Files">
      <UniqueIdentifier>{93995380-89BD-4b04-88EB-625FBE52EBFB}</UniqueIdentifier>
      <Extensions>h;hh;hpp;hxx;h++;hm;inl;inc;ipp;xsd</Extensions>
    </Filter>
    <Filter Include="Resources">
      <UniqueIdentifier>{67DA6AB6-F800-4c08-8B7A-83BB121AAD01}</UniqueIdentifier>
      <Extensions>rc;ico;cur;bmp;dlg;rc2;rct;bin;rgs;gif;jpg;jpeg;jpe;resx;tiff;tif;png;wav</Extensions>
    </Filter>
  </ItemGroup>
  <ItemGroup>
    <ClCompile Include="main_vs_dry_run.cpp"><Filter>Source Files</Filter></ClCompile>
    <ClCompile Include="src\futures_feed.cpp"><Filter>Source Files</Filter></ClCompile>
    <ClCompile Include="src\live\binance_futures_gateway.cpp"><Filter>Source Files</Filter></ClCompile>
    <ClCompile Include="src\live\binance_rest_realtime_futures_feed.cpp"><Filter>Source Files</Filter></ClCompile>
    <ClCompile Include="src\live\dummy_http_client.cpp"><Filter>Source Files</Filter></ClCompile>
    <ClCompile Include="src\live\dummy_signer.cpp"><Filter>Source Files</Filter></ClCompile>
    <ClCompile Include="src\live\live_trader.cpp"><Filter>Source Files</Filter></ClCompile>
    <ClCompile Include="src\live\order_mapper.cpp"><Filter>Source Files</Filter></ClCompile>
    <ClCompile Include="src\live\win_http_client.cpp"><Filter>Source Files</Filter></ClCompile>
    <ClCompile Include="src\live\windows_hmac_sha256_signer.cpp"><Filter>Source Files</Filter></ClCompile>
  </ItemGroup>
  <ItemGroup>
    <ClInclude Include="include\feed_base.hpp"><Filter>Header Files</Filter></ClInclude>
    <ClInclude Include="include\futures_feed.hpp"><Filter>Header Files</Filter></ClInclude>
    <ClInclude Include="include\market_data.hpp"><Filter>Header Files</Filter></ClInclude>
    <ClInclude Include="include\strategy.hpp"><Filter>Header Files</Filter></ClInclude>
    <ClInclude Include="include\types.hpp"><Filter>Header Files</Filter></ClInclude>
    <ClInclude Include="include\bar_matrix.hpp"><Filter>Header Files</Filter></ClInclude>
    <ClInclude Include="include\live\binance_futures_gateway.hpp"><Filter>Header Files</Filter></ClInclude>
    <ClInclude Include="include\live\binance_rest_realtime_futures_feed.hpp"><Filter>Header Files</Filter></ClInclude>
    <ClInclude Include="include\live\dummy_http_client.hpp"><Filter>Header Files</Filter></ClInclude>
    <ClInclude Include="include\live\dummy_signer.hpp"><Filter>Header Files</Filter></ClInclude>
    <ClInclude Include="include\live\http_client.hpp"><Filter>Header Files</Filter></ClInclude>
    <ClInclude Include="include\live\live_order_types.hpp"><Filter>Header Files</Filter></ClInclude>
    <ClInclude Include="include\live\live_trader.hpp"><Filter>Header Files</Filter></ClInclude>
    <ClInclude Include="include\live\order_gateway.hpp"><Filter>Header Files</Filter></ClInclude>
    <ClInclude Include="include\live\order_mapper.hpp"><Filter>Header Files</Filter></ClInclude>
    <ClInclude Include="include\live\signer.hpp"><Filter>Header Files</Filter></ClInclude>
    <ClInclude Include="include\live\win_http_client.hpp"><Filter>Header Files</Filter></ClInclude>
    <ClInclude Include="include\live\windows_hmac_sha256_signer.hpp"><Filter>Header Files</Filter></ClInclude>
    <ClInclude Include="strategies\live_futures_strategies.hpp"><Filter>Header Files</Filter></ClInclude>
  </ItemGroup>
  <ItemGroup>
    <None Include="VisualStudio_README.md"><Filter>Resources</Filter></None>
    <None Include="results\prepared\sample_futures_live.csv"><Filter>Resources</Filter></None>
  </ItemGroup>
</Project>
